<Solution>
  <Project Path="Assembly-CSharp-firstpass.csproj" />
  <Project Path="Assembly-CSharp.csproj" />
  <Project Path="Masking.Runtime.csproj" />
  <Project Path="MackySoft.SerializeReferenceExtensions.Editor.csproj" />
  <Project Path="MackySoft.SerializeReferenceExtensions.csproj" />
  <Project Path="Assembly-CSharp-Editor.csproj" />
  <Project Path="Masking.Editor.csproj" />
</Solution>
